PODS:
  - KochavaCoreTVOS (4.8.0)
  - KochavaTrackerTVOS (4.8.0):
    - KochavaCoreTVOS (~> 4.8.0)

DEPENDENCIES:
  - KochavaTrackerTVOS (from `../`)

SPEC REPOS:
  trunk:
    - KochavaCoreTVOS

EXTERNAL SOURCES:
  KochavaTrackerTVOS:
    :path: "../"

SPEC CHECKSUMS:
  KochavaCoreTVOS: 832f175222d55cafe488a10b14c32031b3ffdbbd
  KochavaTrackerTVOS: e1eba03cd5033508ba6933f3a5275a737409f6aa

PODFILE CHECKSUM: c168257d61a9e80166cdcb99f101084b6891038d

COCOAPODS: 1.10.1
