PODS:
  - KochavaTrackerTVOS (3.13.0)

DEPENDENCIES:
  - KochavaTrackerTVOS (from `../`)

EXTERNAL SOURCES:
  KochavaTrackerTVOS:
    :path: "../"

SPEC CHECKSUMS:
  KochavaTrackerTVOS: 89be4869afb0b407876e54ec3000ac3f0cd268ca

PODFILE CHECKSUM: 64ae08a65c69da1b232ffe497dd8c358f3960323

COCOAPODS: 1.8.4
