PODS:
  - KochavaCoreTVOS (4.3.1)
  - KochavaTrackerTVOS (4.3.1):
    - KochavaCoreTVOS (~> 4.3.1)

DEPENDENCIES:
  - KochavaTrackerTVOS (from `../`)

SPEC REPOS:
  trunk:
    - KochavaCoreTVOS

EXTERNAL SOURCES:
  KochavaTrackerTVOS:
    :path: "../"

SPEC CHECKSUMS:
  KochavaCoreTVOS: db6ab207ddb66acc27ffa4ecdc19c1aa757457da
  KochavaTrackerTVOS: da3aba3a1d3c025a0e6b939e85ac3b61abec0451

PODFILE CHECKSUM: c168257d61a9e80166cdcb99f101084b6891038d

COCOAPODS: 1.10.1
